// !$*UTF8*$!
{
	archiveVersion = 1;
	classes = {
	};
	objectVersion = 46;
	objects = {

/* Begin PBXBuildFile section */
		0F3059631DD9A68600F4BC16 /* main.m in Sources */ = {isa = PBXBuildFile; fileRef = 0F3059621DD9A68600F4BC16 /* main.m */; };
		0F30596E1DD9A68600F4BC16 /* Assets.xcassets in Resources */ = {isa = PBXBuildFile; fileRef = 0F30596D1DD9A68600F4BC16 /* Assets.xcassets */; };
		0F3059711DD9A68600F4BC16 /* LaunchScreen.storyboard in Resources */ = {isa = PBXBuildFile; fileRef = 0F30596F1DD9A68600F4BC16 /* LaunchScreen.storyboard */; };
		0F30597C1DD9A68600F4BC16 /* MLMSegmentPageTests.m in Sources */ = {isa = PBXBuildFile; fileRef = 0F30597B1DD9A68600F4BC16 /* MLMSegmentPageTests.m */; };
		0F3059871DD9A68600F4BC16 /* MLMSegmentPageUITests.m in Sources */ = {isa = PBXBuildFile; fileRef = 0F3059861DD9A68600F4BC16 /* MLMSegmentPageUITests.m */; };
		0F30599E1DD9A6B000F4BC16 /* AppDelegate.m in Sources */ = {isa = PBXBuildFile; fileRef = 0F3059951DD9A6B000F4BC16 /* AppDelegate.m */; };
		0F30599F1DD9A6B000F4BC16 /* MainTableViewController.m in Sources */ = {isa = PBXBuildFile; fileRef = 0F3059971DD9A6B000F4BC16 /* MainTableViewController.m */; };
		0F3059A01DD9A6B000F4BC16 /* MainViewController.m in Sources */ = {isa = PBXBuildFile; fileRef = 0F3059991DD9A6B000F4BC16 /* MainViewController.m */; };
		0F3059A11DD9A6B000F4BC16 /* ViewController.m in Sources */ = {isa = PBXBuildFile; fileRef = 0F30599B1DD9A6B000F4BC16 /* ViewController.m */; };
		0F3059A21DD9A6B000F4BC16 /* View.m in Sources */ = {isa = PBXBuildFile; fileRef = 0F30599D1DD9A6B000F4BC16 /* View.m */; };
		0F488B6F1DDA9D8700A68EF3 /* MLMSegmentHead.m in Sources */ = {isa = PBXBuildFile; fileRef = 0F488B691DDA9D8700A68EF3 /* MLMSegmentHead.m */; };
		0F488B711DDA9D8700A68EF3 /* UIView+ViewController.m in Sources */ = {isa = PBXBuildFile; fileRef = 0F488B6E1DDA9D8700A68EF3 /* UIView+ViewController.m */; };
		0F4B09FC1E4AF408005A4D12 /* UIView+EasyFrame.m in Sources */ = {isa = PBXBuildFile; fileRef = 0F4B09F91E4AF408005A4D12 /* UIView+EasyFrame.m */; };
		0F4B0A021E4AF431005A4D12 /* MLMSegmentManager.m in Sources */ = {isa = PBXBuildFile; fileRef = 0F4B09FF1E4AF431005A4D12 /* MLMSegmentManager.m */; };
		0F4B0A031E4AF431005A4D12 /* MLMSegmentScroll.m in Sources */ = {isa = PBXBuildFile; fileRef = 0F4B0A011E4AF431005A4D12 /* MLMSegmentScroll.m */; };
/* End PBXBuildFile section */

/* Begin PBXContainerItemProxy section */
		0F3059781DD9A68600F4BC16 /* PBXContainerItemProxy */ = {
			isa = PBXContainerItemProxy;
			containerPortal = 0F3059561DD9A68500F4BC16 /* Project object */;
			proxyType = 1;
			remoteGlobalIDString = 0F30595D1DD9A68600F4BC16;
			remoteInfo = MLMSegmentPage;
		};
		0F3059831DD9A68600F4BC16 /* PBXContainerItemProxy */ = {
			isa = PBXContainerItemProxy;
			containerPortal = 0F3059561DD9A68500F4BC16 /* Project object */;
			proxyType = 1;
			remoteGlobalIDString = 0F30595D1DD9A68600F4BC16;
			remoteInfo = MLMSegmentPage;
		};
/* End PBXContainerItemProxy section */

/* Begin PBXFileReference section */
		0F30595E1DD9A68600F4BC16 /* MLMSegmentPage.app */ = {isa = PBXFileReference; explicitFileType = wrapper.application; includeInIndex = 0; path = MLMSegmentPage.app; sourceTree = BUILT_PRODUCTS_DIR; };
		0F3059621DD9A68600F4BC16 /* main.m */ = {isa = PBXFileReference; lastKnownFileType = sourcecode.c.objc; path = main.m; sourceTree = "<group>"; };
		0F30596D1DD9A68600F4BC16 /* Assets.xcassets */ = {isa = PBXFileReference; lastKnownFileType = folder.assetcatalog; path = Assets.xcassets; sourceTree = "<group>"; };
		0F3059701DD9A68600F4BC16 /* Base */ = {isa = PBXFileReference; lastKnownFileType = file.storyboard; name = Base; path = Base.lproj/LaunchScreen.storyboard; sourceTree = "<group>"; };
		0F3059721DD9A68600F4BC16 /* Info.plist */ = {isa = PBXFileReference; lastKnownFileType = text.plist.xml; path = Info.plist; sourceTree = "<group>"; };
		0F3059771DD9A68600F4BC16 /* MLMSegmentPageTests.xctest */ = {isa = PBXFileReference; explicitFileType = wrapper.cfbundle; includeInIndex = 0; path = MLMSegmentPageTests.xctest; sourceTree = BUILT_PRODUCTS_DIR; };
		0F30597B1DD9A68600F4BC16 /* MLMSegmentPageTests.m */ = {isa = PBXFileReference; lastKnownFileType = sourcecode.c.objc; path = MLMSegmentPageTests.m; sourceTree = "<group>"; };
		0F30597D1DD9A68600F4BC16 /* Info.plist */ = {isa = PBXFileReference; lastKnownFileType = text.plist.xml; path = Info.plist; sourceTree = "<group>"; };
		0F3059821DD9A68600F4BC16 /* MLMSegmentPageUITests.xctest */ = {isa = PBXFileReference; explicitFileType = wrapper.cfbundle; includeInIndex = 0; path = MLMSegmentPageUITests.xctest; sourceTree = BUILT_PRODUCTS_DIR; };
		0F3059861DD9A68600F4BC16 /* MLMSegmentPageUITests.m */ = {isa = PBXFileReference; lastKnownFileType = sourcecode.c.objc; path = MLMSegmentPageUITests.m; sourceTree = "<group>"; };
		0F3059881DD9A68600F4BC16 /* Info.plist */ = {isa = PBXFileReference; lastKnownFileType = text.plist.xml; path = Info.plist; sourceTree = "<group>"; };
		0F3059941DD9A6B000F4BC16 /* AppDelegate.h */ = {isa = PBXFileReference; fileEncoding = 4; lastKnownFileType = sourcecode.c.h; path = AppDelegate.h; sourceTree = "<group>"; };
		0F3059951DD9A6B000F4BC16 /* AppDelegate.m */ = {isa = PBXFileReference; fileEncoding = 4; lastKnownFileType = sourcecode.c.objc; path = AppDelegate.m; sourceTree = "<group>"; };
		0F3059961DD9A6B000F4BC16 /* MainTableViewController.h */ = {isa = PBXFileReference; fileEncoding = 4; lastKnownFileType = sourcecode.c.h; path = MainTableViewController.h; sourceTree = "<group>"; };
		0F3059971DD9A6B000F4BC16 /* MainTableViewController.m */ = {isa = PBXFileReference; fileEncoding = 4; lastKnownFileType = sourcecode.c.objc; path = MainTableViewController.m; sourceTree = "<group>"; };
		0F3059981DD9A6B000F4BC16 /* MainViewController.h */ = {isa = PBXFileReference; fileEncoding = 4; lastKnownFileType = sourcecode.c.h; path = MainViewController.h; sourceTree = "<group>"; };
		0F3059991DD9A6B000F4BC16 /* MainViewController.m */ = {isa = PBXFileReference; fileEncoding = 4; lastKnownFileType = sourcecode.c.objc; path = MainViewController.m; sourceTree = "<group>"; };
		0F30599A1DD9A6B000F4BC16 /* ViewController.h */ = {isa = PBXFileReference; fileEncoding = 4; lastKnownFileType = sourcecode.c.h; path = ViewController.h; sourceTree = "<group>"; };
		0F30599B1DD9A6B000F4BC16 /* ViewController.m */ = {isa = PBXFileReference; fileEncoding = 4; lastKnownFileType = sourcecode.c.objc; path = ViewController.m; sourceTree = "<group>"; };
		0F30599C1DD9A6B000F4BC16 /* View.h */ = {isa = PBXFileReference; fileEncoding = 4; lastKnownFileType = sourcecode.c.h; path = View.h; sourceTree = "<group>"; };
		0F30599D1DD9A6B000F4BC16 /* View.m */ = {isa = PBXFileReference; fileEncoding = 4; lastKnownFileType = sourcecode.c.objc; path = View.m; sourceTree = "<group>"; };
		0F488B681DDA9D8600A68EF3 /* MLMSegmentHead.h */ = {isa = PBXFileReference; fileEncoding = 4; lastKnownFileType = sourcecode.c.h; path = MLMSegmentHead.h; sourceTree = "<group>"; };
		0F488B691DDA9D8700A68EF3 /* MLMSegmentHead.m */ = {isa = PBXFileReference; fileEncoding = 4; lastKnownFileType = sourcecode.c.objc; path = MLMSegmentHead.m; sourceTree = "<group>"; };
		0F488B6C1DDA9D8700A68EF3 /* SegmentPageHead.h */ = {isa = PBXFileReference; fileEncoding = 4; lastKnownFileType = sourcecode.c.h; path = SegmentPageHead.h; sourceTree = "<group>"; };
		0F488B6D1DDA9D8700A68EF3 /* UIView+ViewController.h */ = {isa = PBXFileReference; fileEncoding = 4; lastKnownFileType = sourcecode.c.h; path = "UIView+ViewController.h"; sourceTree = "<group>"; };
		0F488B6E1DDA9D8700A68EF3 /* UIView+ViewController.m */ = {isa = PBXFileReference; fileEncoding = 4; lastKnownFileType = sourcecode.c.objc; path = "UIView+ViewController.m"; sourceTree = "<group>"; };
		0F4B09F81E4AF408005A4D12 /* UIView+EasyFrame.h */ = {isa = PBXFileReference; fileEncoding = 4; lastKnownFileType = sourcecode.c.h; path = "UIView+EasyFrame.h"; sourceTree = "<group>"; };
		0F4B09F91E4AF408005A4D12 /* UIView+EasyFrame.m */ = {isa = PBXFileReference; fileEncoding = 4; lastKnownFileType = sourcecode.c.objc; path = "UIView+EasyFrame.m"; sourceTree = "<group>"; };
		0F4B09FE1E4AF431005A4D12 /* MLMSegmentManager.h */ = {isa = PBXFileReference; fileEncoding = 4; lastKnownFileType = sourcecode.c.h; path = MLMSegmentManager.h; sourceTree = "<group>"; };
		0F4B09FF1E4AF431005A4D12 /* MLMSegmentManager.m */ = {isa = PBXFileReference; fileEncoding = 4; lastKnownFileType = sourcecode.c.objc; path = MLMSegmentManager.m; sourceTree = "<group>"; };
		0F4B0A001E4AF431005A4D12 /* MLMSegmentScroll.h */ = {isa = PBXFileReference; fileEncoding = 4; lastKnownFileType = sourcecode.c.h; path = MLMSegmentScroll.h; sourceTree = "<group>"; };
		0F4B0A011E4AF431005A4D12 /* MLMSegmentScroll.m */ = {isa = PBXFileReference; fileEncoding = 4; lastKnownFileType = sourcecode.c.objc; path = MLMSegmentScroll.m; sourceTree = "<group>"; };
/* End PBXFileReference section */

/* Begin PBXFrameworksBuildPhase section */
		0F30595B1DD9A68600F4BC16 /* Frameworks */ = {
			isa = PBXFrameworksBuildPhase;
			buildActionMask = 2147483647;
			files = (
			);
			runOnlyForDeploymentPostprocessing = 0;
		};
		0F3059741DD9A68600F4BC16 /* Frameworks */ = {
			isa = PBXFrameworksBuildPhase;
			buildActionMask = 2147483647;
			files = (
			);
			runOnlyForDeploymentPostprocessing = 0;
		};
		0F30597F1DD9A68600F4BC16 /* Frameworks */ = {
			isa = PBXFrameworksBuildPhase;
			buildActionMask = 2147483647;
			files = (
			);
			runOnlyForDeploymentPostprocessing = 0;
		};
/* End PBXFrameworksBuildPhase section */

/* Begin PBXGroup section */
		0F3059551DD9A68500F4BC16 = {
			isa = PBXGroup;
			children = (
				0F488B671DDA9D8600A68EF3 /* MLMSegmentPageView */,
				0F3059601DD9A68600F4BC16 /* MLMSegmentPage */,
				0F30597A1DD9A68600F4BC16 /* MLMSegmentPageTests */,
				0F3059851DD9A68600F4BC16 /* MLMSegmentPageUITests */,
				0F30595F1DD9A68600F4BC16 /* Products */,
			);
			sourceTree = "<group>";
		};
		0F30595F1DD9A68600F4BC16 /* Products */ = {
			isa = PBXGroup;
			children = (
				0F30595E1DD9A68600F4BC16 /* MLMSegmentPage.app */,
				0F3059771DD9A68600F4BC16 /* MLMSegmentPageTests.xctest */,
				0F3059821DD9A68600F4BC16 /* MLMSegmentPageUITests.xctest */,
			);
			name = Products;
			sourceTree = "<group>";
		};
		0F3059601DD9A68600F4BC16 /* MLMSegmentPage */ = {
			isa = PBXGroup;
			children = (
				0F3059941DD9A6B000F4BC16 /* AppDelegate.h */,
				0F3059951DD9A6B000F4BC16 /* AppDelegate.m */,
				0F3059961DD9A6B000F4BC16 /* MainTableViewController.h */,
				0F3059971DD9A6B000F4BC16 /* MainTableViewController.m */,
				0F3059981DD9A6B000F4BC16 /* MainViewController.h */,
				0F3059991DD9A6B000F4BC16 /* MainViewController.m */,
				0F30599A1DD9A6B000F4BC16 /* ViewController.h */,
				0F30599B1DD9A6B000F4BC16 /* ViewController.m */,
				0F30599C1DD9A6B000F4BC16 /* View.h */,
				0F30599D1DD9A6B000F4BC16 /* View.m */,
				0F30596D1DD9A68600F4BC16 /* Assets.xcassets */,
				0F30596F1DD9A68600F4BC16 /* LaunchScreen.storyboard */,
				0F3059721DD9A68600F4BC16 /* Info.plist */,
				0F3059611DD9A68600F4BC16 /* Supporting Files */,
			);
			path = MLMSegmentPage;
			sourceTree = "<group>";
		};
		0F3059611DD9A68600F4BC16 /* Supporting Files */ = {
			isa = PBXGroup;
			children = (
				0F3059621DD9A68600F4BC16 /* main.m */,
			);
			name = "Supporting Files";
			sourceTree = "<group>";
		};
		0F30597A1DD9A68600F4BC16 /* MLMSegmentPageTests */ = {
			isa = PBXGroup;
			children = (
				0F30597B1DD9A68600F4BC16 /* MLMSegmentPageTests.m */,
				0F30597D1DD9A68600F4BC16 /* Info.plist */,
			);
			path = MLMSegmentPageTests;
			sourceTree = "<group>";
		};
		0F3059851DD9A68600F4BC16 /* MLMSegmentPageUITests */ = {
			isa = PBXGroup;
			children = (
				0F3059861DD9A68600F4BC16 /* MLMSegmentPageUITests.m */,
				0F3059881DD9A68600F4BC16 /* Info.plist */,
			);
			path = MLMSegmentPageUITests;
			sourceTree = "<group>";
		};
		0F488B671DDA9D8600A68EF3 /* MLMSegmentPageView */ = {
			isa = PBXGroup;
			children = (
				0F488B6C1DDA9D8700A68EF3 /* SegmentPageHead.h */,
				0F4B09F81E4AF408005A4D12 /* UIView+EasyFrame.h */,
				0F4B09F91E4AF408005A4D12 /* UIView+EasyFrame.m */,
				0F488B6D1DDA9D8700A68EF3 /* UIView+ViewController.h */,
				0F488B6E1DDA9D8700A68EF3 /* UIView+ViewController.m */,
				0F488B681DDA9D8600A68EF3 /* MLMSegmentHead.h */,
				0F488B691DDA9D8700A68EF3 /* MLMSegmentHead.m */,
				0F4B0A001E4AF431005A4D12 /* MLMSegmentScroll.h */,
				0F4B0A011E4AF431005A4D12 /* MLMSegmentScroll.m */,
				0F4B09FE1E4AF431005A4D12 /* MLMSegmentManager.h */,
				0F4B09FF1E4AF431005A4D12 /* MLMSegmentManager.m */,
			);
			path = MLMSegmentPageView;
			sourceTree = "<group>";
		};
/* End PBXGroup section */

/* Begin PBXNativeTarget section */
		0F30595D1DD9A68600F4BC16 /* MLMSegmentPage */ = {
			isa = PBXNativeTarget;
			buildConfigurationList = 0F30598B1DD9A68600F4BC16 /* Build configuration list for PBXNativeTarget "MLMSegmentPage" */;
			buildPhases = (
				0F30595A1DD9A68600F4BC16 /* Sources */,
				0F30595B1DD9A68600F4BC16 /* Frameworks */,
				0F30595C1DD9A68600F4BC16 /* Resources */,
			);
			buildRules = (
			);
			dependencies = (
			);
			name = MLMSegmentPage;
			productName = MLMSegmentPage;
			productReference = 0F30595E1DD9A68600F4BC16 /* MLMSegmentPage.app */;
			productType = "com.apple.product-type.application";
		};
		0F3059761DD9A68600F4BC16 /* MLMSegmentPageTests */ = {
			isa = PBXNativeTarget;
			buildConfigurationList = 0F30598E1DD9A68600F4BC16 /* Build configuration list for PBXNativeTarget "MLMSegmentPageTests" */;
			buildPhases = (
				0F3059731DD9A68600F4BC16 /* Sources */,
				0F3059741DD9A68600F4BC16 /* Frameworks */,
				0F3059751DD9A68600F4BC16 /* Resources */,
			);
			buildRules = (
			);
			dependencies = (
				0F3059791DD9A68600F4BC16 /* PBXTargetDependency */,
			);
			name = MLMSegmentPageTests;
			productName = MLMSegmentPageTests;
			productReference = 0F3059771DD9A68600F4BC16 /* MLMSegmentPageTests.xctest */;
			productType = "com.apple.product-type.bundle.unit-test";
		};
		0F3059811DD9A68600F4BC16 /* MLMSegmentPageUITests */ = {
			isa = PBXNativeTarget;
			buildConfigurationList = 0F3059911DD9A68600F4BC16 /* Build configuration list for PBXNativeTarget "MLMSegmentPageUITests" */;
			buildPhases = (
				0F30597E1DD9A68600F4BC16 /* Sources */,
				0F30597F1DD9A68600F4BC16 /* Frameworks */,
				0F3059801DD9A68600F4BC16 /* Resources */,
			);
			buildRules = (
			);
			dependencies = (
				0F3059841DD9A68600F4BC16 /* PBXTargetDependency */,
			);
			name = MLMSegmentPageUITests;
			productName = MLMSegmentPageUITests;
			productReference = 0F3059821DD9A68600F4BC16 /* MLMSegmentPageUITests.xctest */;
			productType = "com.apple.product-type.bundle.ui-testing";
		};
/* End PBXNativeTarget section */

/* Begin PBXProject section */
		0F3059561DD9A68500F4BC16 /* Project object */ = {
			isa = PBXProject;
			attributes = {
				LastUpgradeCheck = 0810;
				ORGANIZATIONNAME = my;
				TargetAttributes = {
					0F30595D1DD9A68600F4BC16 = {
						CreatedOnToolsVersion = 8.1;
						DevelopmentTeam = 5MEUQ98276;
						ProvisioningStyle = Automatic;
					};
					0F3059761DD9A68600F4BC16 = {
						CreatedOnToolsVersion = 8.1;
						ProvisioningStyle = Automatic;
						TestTargetID = 0F30595D1DD9A68600F4BC16;
					};
					0F3059811DD9A68600F4BC16 = {
						CreatedOnToolsVersion = 8.1;
						ProvisioningStyle = Automatic;
						TestTargetID = 0F30595D1DD9A68600F4BC16;
					};
				};
			};
			buildConfigurationList = 0F3059591DD9A68500F4BC16 /* Build configuration list for PBXProject "MLMSegmentPage" */;
			compatibilityVersion = "Xcode 3.2";
			developmentRegion = English;
			hasScannedForEncodings = 0;
			knownRegions = (
				en,
				Base,
			);
			mainGroup = 0F3059551DD9A68500F4BC16;
			productRefGroup = 0F30595F1DD9A68600F4BC16 /* Products */;
			projectDirPath = "";
			projectRoot = "";
			targets = (
				0F30595D1DD9A68600F4BC16 /* MLMSegmentPage */,
				0F3059761DD9A68600F4BC16 /* MLMSegmentPageTests */,
				0F3059811DD9A68600F4BC16 /* MLMSegmentPageUITests */,
			);
		};
/* End PBXProject section */

/* Begin PBXResourcesBuildPhase section */
		0F30595C1DD9A68600F4BC16 /* Resources */ = {
			isa = PBXResourcesBuildPhase;
			buildActionMask = 2147483647;
			files = (
				0F3059711DD9A68600F4BC16 /* LaunchScreen.storyboard in Resources */,
				0F30596E1DD9A68600F4BC16 /* Assets.xcassets in Resources */,
			);
			runOnlyForDeploymentPostprocessing = 0;
		};
		0F3059751DD9A68600F4BC16 /* Resources */ = {
			isa = PBXResourcesBuildPhase;
			buildActionMask = 2147483647;
			files = (
			);
			runOnlyForDeploymentPostprocessing = 0;
		};
		0F3059801DD9A68600F4BC16 /* Resources */ = {
			isa = PBXResourcesBuildPhase;
			buildActionMask = 2147483647;
			files = (
			);
			runOnlyForDeploymentPostprocessing = 0;
		};
/* End PBXResourcesBuildPhase section */

/* Begin PBXSourcesBuildPhase section */
		0F30595A1DD9A68600F4BC16 /* Sources */ = {
			isa = PBXSourcesBuildPhase;
			buildActionMask = 2147483647;
			files = (
				0F30599E1DD9A6B000F4BC16 /* AppDelegate.m in Sources */,
				0F3059631DD9A68600F4BC16 /* main.m in Sources */,
				0F3059A21DD9A6B000F4BC16 /* View.m in Sources */,
				0F30599F1DD9A6B000F4BC16 /* MainTableViewController.m in Sources */,
				0F488B6F1DDA9D8700A68EF3 /* MLMSegmentHead.m in Sources */,
				0F488B711DDA9D8700A68EF3 /* UIView+ViewController.m in Sources */,
				0F4B0A021E4AF431005A4D12 /* MLMSegmentManager.m in Sources */,
				0F4B09FC1E4AF408005A4D12 /* UIView+EasyFrame.m in Sources */,
				0F4B0A031E4AF431005A4D12 /* MLMSegmentScroll.m in Sources */,
				0F3059A01DD9A6B000F4BC16 /* MainViewController.m in Sources */,
				0F3059A11DD9A6B000F4BC16 /* ViewController.m in Sources */,
			);
			runOnlyForDeploymentPostprocessing = 0;
		};
		0F3059731DD9A68600F4BC16 /* Sources */ = {
			isa = PBXSourcesBuildPhase;
			buildActionMask = 2147483647;
			files = (
				0F30597C1DD9A68600F4BC16 /* MLMSegmentPageTests.m in Sources */,
			);
			runOnlyForDeploymentPostprocessing = 0;
		};
		0F30597E1DD9A68600F4BC16 /* Sources */ = {
			isa = PBXSourcesBuildPhase;
			buildActionMask = 2147483647;
			files = (
				0F3059871DD9A68600F4BC16 /* MLMSegmentPageUITests.m in Sources */,
			);
			runOnlyForDeploymentPostprocessing = 0;
		};
/* End PBXSourcesBuildPhase section */

/* Begin PBXTargetDependency section */
		0F3059791DD9A68600F4BC16 /* PBXTargetDependency */ = {
			isa = PBXTargetDependency;
			target = 0F30595D1DD9A68600F4BC16 /* MLMSegmentPage */;
			targetProxy = 0F3059781DD9A68600F4BC16 /* PBXContainerItemProxy */;
		};
		0F3059841DD9A68600F4BC16 /* PBXTargetDependency */ = {
			isa = PBXTargetDependency;
			target = 0F30595D1DD9A68600F4BC16 /* MLMSegmentPage */;
			targetProxy = 0F3059831DD9A68600F4BC16 /* PBXContainerItemProxy */;
		};
/* End PBXTargetDependency section */

/* Begin PBXVariantGroup section */
		0F30596F1DD9A68600F4BC16 /* LaunchScreen.storyboard */ = {
			isa = PBXVariantGroup;
			children = (
				0F3059701DD9A68600F4BC16 /* Base */,
			);
			name = LaunchScreen.storyboard;
			sourceTree = "<group>";
		};
/* End PBXVariantGroup section */

/* Begin XCBuildConfiguration section */
		0F3059891DD9A68600F4BC16 /* Debug */ = {
			isa = XCBuildConfiguration;
			buildSettings = {
				ALWAYS_SEARCH_USER_PATHS = NO;
				CLANG_ANALYZER_NONNULL = YES;
				CLANG_CXX_LANGUAGE_STANDARD = "gnu++0x";
				CLANG_CXX_LIBRARY = "libc++";
				CLANG_ENABLE_MODULES = YES;
				CLANG_ENABLE_OBJC_ARC = YES;
				CLANG_WARN_BOOL_CONVERSION = YES;
				CLANG_WARN_CONSTANT_CONVERSION = YES;
				CLANG_WARN_DIRECT_OBJC_ISA_USAGE = YES_ERROR;
				CLANG_WARN_DOCUMENTATION_COMMENTS = YES;
				CLANG_WARN_EMPTY_BODY = YES;
				CLANG_WARN_ENUM_CONVERSION = YES;
				CLANG_WARN_INFINITE_RECURSION = YES;
				CLANG_WARN_INT_CONVERSION = YES;
				CLANG_WARN_OBJC_ROOT_CLASS = YES_ERROR;
				CLANG_WARN_SUSPICIOUS_MOVES = YES;
				CLANG_WARN_UNREACHABLE_CODE = YES;
				CLANG_WARN__DUPLICATE_METHOD_MATCH = YES;
				"CODE_SIGN_IDENTITY[sdk=iphoneos*]" = "iPhone Developer";
				COPY_PHASE_STRIP = NO;
				DEBUG_INFORMATION_FORMAT = dwarf;
				ENABLE_STRICT_OBJC_MSGSEND = YES;
				ENABLE_TESTABILITY = YES;
				GCC_C_LANGUAGE_STANDARD = gnu99;
				GCC_DYNAMIC_NO_PIC = NO;
				GCC_NO_COMMON_BLOCKS = YES;
				GCC_OPTIMIZATION_LEVEL = 0;
				GCC_PREPROCESSOR_DEFINITIONS = (
					"DEBUG=1",
					"$(inherited)",
				);
				GCC_WARN_64_TO_32_BIT_CONVERSION = YES;
				GCC_WARN_ABOUT_RETURN_TYPE = YES_ERROR;
				GCC_WARN_UNDECLARED_SELECTOR = YES;
				GCC_WARN_UNINITIALIZED_AUTOS = YES_AGGRESSIVE;
				GCC_WARN_UNUSED_FUNCTION = YES;
				GCC_WARN_UNUSED_VARIABLE = YES;
				IPHONEOS_DEPLOYMENT_TARGET = 6.0;
				MTL_ENABLE_DEBUG_INFO = YES;
				ONLY_ACTIVE_ARCH = YES;
				SDKROOT = iphoneos;
				TARGETED_DEVICE_FAMILY = "1,2";
			};
			name = Debug;
		};
		0F30598A1DD9A68600F4BC16 /* Release */ = {
			isa = XCBuildConfiguration;
			buildSettings = {
				ALWAYS_SEARCH_USER_PATHS = NO;
				CLANG_ANALYZER_NONNULL = YES;
				CLANG_CXX_LANGUAGE_STANDARD = "gnu++0x";
				CLANG_CXX_LIBRARY = "libc++";
				CLANG_ENABLE_MODULES = YES;
				CLANG_ENABLE_OBJC_ARC = YES;
				CLANG_WARN_BOOL_CONVERSION = YES;
				CLANG_WARN_CONSTANT_CONVERSION = YES;
				CLANG_WARN_DIRECT_OBJC_ISA_USAGE = YES_ERROR;
				CLANG_WARN_DOCUMENTATION_COMMENTS = YES;
				CLANG_WARN_EMPTY_BODY = YES;
				CLANG_WARN_ENUM_CONVERSION = YES;
				CLANG_WARN_INFINITE_RECURSION = YES;
				CLANG_WARN_INT_CONVERSION = YES;
				CLANG_WARN_OBJC_ROOT_CLASS = YES_ERROR;
				CLANG_WARN_SUSPICIOUS_MOVES = YES;
				CLANG_WARN_UNREACHABLE_CODE = YES;
				CLANG_WARN__DUPLICATE_METHOD_MATCH = YES;
				"CODE_SIGN_IDENTITY[sdk=iphoneos*]" = "iPhone Developer";
				COPY_PHASE_STRIP = NO;
				DEBUG_INFORMATION_FORMAT = "dwarf-with-dsym";
				ENABLE_NS_ASSERTIONS = NO;
				ENABLE_STRICT_OBJC_MSGSEND = YES;
				GCC_C_LANGUAGE_STANDARD = gnu99;
				GCC_NO_COMMON_BLOCKS = YES;
				GCC_WARN_64_TO_32_BIT_CONVERSION = YES;
				GCC_WARN_ABOUT_RETURN_TYPE = YES_ERROR;
				GCC_WARN_UNDECLARED_SELECTOR = YES;
				GCC_WARN_UNINITIALIZED_AUTOS = YES_AGGRESSIVE;
				GCC_WARN_UNUSED_FUNCTION = YES;
				GCC_WARN_UNUSED_VARIABLE = YES;
				IPHONEOS_DEPLOYMENT_TARGET = 6.0;
				MTL_ENABLE_DEBUG_INFO = NO;
				SDKROOT = iphoneos;
				TARGETED_DEVICE_FAMILY = "1,2";
				VALIDATE_PRODUCT = YES;
			};
			name = Release;
		};
		0F30598C1DD9A68600F4BC16 /* Debug */ = {
			isa = XCBuildConfiguration;
			buildSettings = {
				ASSETCATALOG_COMPILER_APPICON_NAME = AppIcon;
				DEVELOPMENT_TEAM = 5MEUQ98276;
				INFOPLIST_FILE = MLMSegmentPage/Info.plist;
				IPHONEOS_DEPLOYMENT_TARGET = 6.0;
				LD_RUNPATH_SEARCH_PATHS = "$(inherited) @executable_path/Frameworks";
				PRODUCT_BUNDLE_IDENTIFIER = com.mlm.MLMSegmentPage;
				PRODUCT_NAME = "$(TARGET_NAME)";
			};
			name = Debug;
		};
		0F30598D1DD9A68600F4BC16 /* Release */ = {
			isa = XCBuildConfiguration;
			buildSettings = {
				ASSETCATALOG_COMPILER_APPICON_NAME = AppIcon;
				DEVELOPMENT_TEAM = 5MEUQ98276;
				INFOPLIST_FILE = MLMSegmentPage/Info.plist;
				IPHONEOS_DEPLOYMENT_TARGET = 6.0;
				LD_RUNPATH_SEARCH_PATHS = "$(inherited) @executable_path/Frameworks";
				PRODUCT_BUNDLE_IDENTIFIER = com.mlm.MLMSegmentPage;
				PRODUCT_NAME = "$(TARGET_NAME)";
			};
			name = Release;
		};
		0F30598F1DD9A68600F4BC16 /* Debug */ = {
			isa = XCBuildConfiguration;
			buildSettings = {
				BUNDLE_LOADER = "$(TEST_HOST)";
				INFOPLIST_FILE = MLMSegmentPageTests/Info.plist;
				LD_RUNPATH_SEARCH_PATHS = "$(inherited) @executable_path/Frameworks @loader_path/Frameworks";
				PRODUCT_BUNDLE_IDENTIFIER = com.mlm.MLMSegmentPageTests;
				PRODUCT_NAME = "$(TARGET_NAME)";
				TEST_HOST = "$(BUILT_PRODUCTS_DIR)/MLMSegmentPage.app/MLMSegmentPage";
			};
			name = Debug;
		};
		0F3059901DD9A68600F4BC16 /* Release */ = {
			isa = XCBuildConfiguration;
			buildSettings = {
				BUNDLE_LOADER = "$(TEST_HOST)";
				INFOPLIST_FILE = MLMSegmentPageTests/Info.plist;
				LD_RUNPATH_SEARCH_PATHS = "$(inherited) @executable_path/Frameworks @loader_path/Frameworks";
				PRODUCT_BUNDLE_IDENTIFIER = com.mlm.MLMSegmentPageTests;
				PRODUCT_NAME = "$(TARGET_NAME)";
				TEST_HOST = "$(BUILT_PRODUCTS_DIR)/MLMSegmentPage.app/MLMSegmentPage";
			};
			name = Release;
		};
		0F3059921DD9A68600F4BC16 /* Debug */ = {
			isa = XCBuildConfiguration;
			buildSettings = {
				INFOPLIST_FILE = MLMSegmentPageUITests/Info.plist;
				LD_RUNPATH_SEARCH_PATHS = "$(inherited) @executable_path/Frameworks @loader_path/Frameworks";
				PRODUCT_BUNDLE_IDENTIFIER = com.mlm.MLMSegmentPageUITests;
				PRODUCT_NAME = "$(TARGET_NAME)";
				TEST_TARGET_NAME = MLMSegmentPage;
			};
			name = Debug;
		};
		0F3059931DD9A68600F4BC16 /* Release */ = {
			isa = XCBuildConfiguration;
			buildSettings = {
				INFOPLIST_FILE = MLMSegmentPageUITests/Info.plist;
				LD_RUNPATH_SEARCH_PATHS = "$(inherited) @executable_path/Frameworks @loader_path/Frameworks";
				PRODUCT_BUNDLE_IDENTIFIER = com.mlm.MLMSegmentPageUITests;
				PRODUCT_NAME = "$(TARGET_NAME)";
				TEST_TARGET_NAME = MLMSegmentPage;
			};
			name = Release;
		};
/* End XCBuildConfiguration section */

/* Begin XCConfigurationList section */
		0F3059591DD9A68500F4BC16 /* Build configuration list for PBXProject "MLMSegmentPage" */ = {
			isa = XCConfigurationList;
			buildConfigurations = (
				0F3059891DD9A68600F4BC16 /* Debug */,
				0F30598A1DD9A68600F4BC16 /* Release */,
			);
			defaultConfigurationIsVisible = 0;
			defaultConfigurationName = Release;
		};
		0F30598B1DD9A68600F4BC16 /* Build configuration list for PBXNativeTarget "MLMSegmentPage" */ = {
			isa = XCConfigurationList;
			buildConfigurations = (
				0F30598C1DD9A68600F4BC16 /* Debug */,
				0F30598D1DD9A68600F4BC16 /* Release */,
			);
			defaultConfigurationIsVisible = 0;
			defaultConfigurationName = Release;
		};
		0F30598E1DD9A68600F4BC16 /* Build configuration list for PBXNativeTarget "MLMSegmentPageTests" */ = {
			isa = XCConfigurationList;
			buildConfigurations = (
				0F30598F1DD9A68600F4BC16 /* Debug */,
				0F3059901DD9A68600F4BC16 /* Release */,
			);
			defaultConfigurationIsVisible = 0;
			defaultConfigurationName = Release;
		};
		0F3059911DD9A68600F4BC16 /* Build configuration list for PBXNativeTarget "MLMSegmentPageUITests" */ = {
			isa = XCConfigurationList;
			buildConfigurations = (
				0F3059921DD9A68600F4BC16 /* Debug */,
				0F3059931DD9A68600F4BC16 /* Release */,
			);
			defaultConfigurationIsVisible = 0;
			defaultConfigurationName = Release;
		};
/* End XCConfigurationList section */
	};
	rootObject = 0F3059561DD9A68500F4BC16 /* Project object */;
}
